
Microsoft Visual Studio Solution File, Format Version 12.00
# Visual Studio Version 16
VisualStudioVersion = 25.0.1706.6
MinimumVisualStudioVersion = 10.0.40219.1
Project("{FAE04EC0-301F-11D3-BF4B-00C04F79EFBC}") = "CodeFirst", "CodeFirst\CodeFirst.csproj", "{BFF3133C-FBD7-4CD6-973D-A1639A523022}"
EndProject
Global
	GlobalSection(SolutionConfigurationPlatforms) = preSolution
		Debug|Any CPU = Debug|Any CPU
		Release|Any CPU = Release|Any CPU
	EndGlobalSection
	GlobalSection(ProjectConfigurationPlatforms) = postSolution
		{BFF3133C-FBD7-4CD6-973D-A1639A523022}.Debug|Any CPU.ActiveCfg = Debug|Any CPU
		{BFF3133C-FBD7-4CD6-973D-A1639A523022}.Debug|Any CPU.Build.0 = Debug|Any CPU
		{BFF3133C-FBD7-4CD6-973D-A1639A523022}.Release|Any CPU.ActiveCfg = Release|Any CPU
		{BFF3133C-FBD7-4CD6-973D-A1639A523022}.Release|Any CPU.Build.0 = Release|Any CPU
	EndGlobalSection
	GlobalSection(SolutionProperties) = preSolution
		HideSolutionNode = FALSE
	EndGlobalSection
	GlobalSection(ExtensibilityGlobals) = postSolution
		SolutionGuid = {C8C3BB9B-588F-4848-BE47-5FDE0E2F1739}
	EndGlobalSection
EndGlobal
