
Microsoft Visual Studio Solution File, Format Version 12.00
# Visual Studio Version 16
VisualStudioVersion = 25.0.1706.7
MinimumVisualStudioVersion = 10.0.40219.1
Project("{FAE04EC0-301F-11D3-BF4B-00C04F79EFBC}") = "ProductOrder", "ProductOrder\ProductOrder.csproj", "{529CFE26-A77B-4048-82EB-4079ADD27B3A}"
EndProject
Global
	GlobalSection(SolutionConfigurationPlatforms) = preSolution
		Debug|Any CPU = Debug|Any CPU
		Release|Any CPU = Release|Any CPU
	EndGlobalSection
	GlobalSection(ProjectConfigurationPlatforms) = postSolution
		{529CFE26-A77B-4048-82EB-4079ADD27B3A}.Debug|Any CPU.ActiveCfg = Debug|Any CPU
		{529CFE26-A77B-4048-82EB-4079ADD27B3A}.Debug|Any CPU.Build.0 = Debug|Any CPU
		{529CFE26-A77B-4048-82EB-4079ADD27B3A}.Release|Any CPU.ActiveCfg = Release|Any CPU
		{529CFE26-A77B-4048-82EB-4079ADD27B3A}.Release|Any CPU.Build.0 = Release|Any CPU
	EndGlobalSection
	GlobalSection(SolutionProperties) = preSolution
		HideSolutionNode = FALSE
	EndGlobalSection
	GlobalSection(ExtensibilityGlobals) = postSolution
		SolutionGuid = {DD1EDE9C-1E7D-4A0E-BA6F-9E5ADEF2C785}
	EndGlobalSection
EndGlobal
