
Microsoft Visual Studio Solution File, Format Version 12.00
# Visual Studio Version 16
VisualStudioVersion = 25.0.1706.6
MinimumVisualStudioVersion = 10.0.40219.1
Project("{FAE04EC0-301F-11D3-BF4B-00C04F79EFBC}") = "Security", "Security\Security.csproj", "{89923059-0DF4-4552-AEBA-A0961DDCC817}"
EndProject
Global
	GlobalSection(SolutionConfigurationPlatforms) = preSolution
		Debug|Any CPU = Debug|Any CPU
		Release|Any CPU = Release|Any CPU
	EndGlobalSection
	GlobalSection(ProjectConfigurationPlatforms) = postSolution
		{89923059-0DF4-4552-AEBA-A0961DDCC817}.Debug|Any CPU.ActiveCfg = Debug|Any CPU
		{89923059-0DF4-4552-AEBA-A0961DDCC817}.Debug|Any CPU.Build.0 = Debug|Any CPU
		{89923059-0DF4-4552-AEBA-A0961DDCC817}.Release|Any CPU.ActiveCfg = Release|Any CPU
		{89923059-0DF4-4552-AEBA-A0961DDCC817}.Release|Any CPU.Build.0 = Release|Any CPU
	EndGlobalSection
	GlobalSection(SolutionProperties) = preSolution
		HideSolutionNode = FALSE
	EndGlobalSection
	GlobalSection(ExtensibilityGlobals) = postSolution
		SolutionGuid = {46F583A1-EEA6-4DB7-BEBA-EB82F19D5955}
	EndGlobalSection
EndGlobal
