
Microsoft Visual Studio Solution File, Format Version 12.00
# Visual Studio Version 16
VisualStudioVersion = 25.0.1706.7
MinimumVisualStudioVersion = 10.0.40219.1
Project("{FAE04EC0-301F-11D3-BF4B-00C04F79EFBC}") = "Exercise", "Exercise\Exercise.csproj", "{308812D9-135A-4F96-922B-639405BADEC8}"
EndProject
Project("{FAE04EC0-301F-11D3-BF4B-00C04F79EFBC}") = "Client", "Client\Client.csproj", "{CBF31F83-31F7-4978-9FF3-806ADA92C7C5}"
EndProject
Global
	GlobalSection(SolutionConfigurationPlatforms) = preSolution
		Debug|Any CPU = Debug|Any CPU
		Release|Any CPU = Release|Any CPU
	EndGlobalSection
	GlobalSection(ProjectConfigurationPlatforms) = postSolution
		{308812D9-135A-4F96-922B-639405BADEC8}.Debug|Any CPU.ActiveCfg = Debug|Any CPU
		{308812D9-135A-4F96-922B-639405BADEC8}.Debug|Any CPU.Build.0 = Debug|Any CPU
		{308812D9-135A-4F96-922B-639405BADEC8}.Release|Any CPU.ActiveCfg = Release|Any CPU
		{308812D9-135A-4F96-922B-639405BADEC8}.Release|Any CPU.Build.0 = Release|Any CPU
		{CBF31F83-31F7-4978-9FF3-806ADA92C7C5}.Debug|Any CPU.ActiveCfg = Debug|Any CPU
		{CBF31F83-31F7-4978-9FF3-806ADA92C7C5}.Debug|Any CPU.Build.0 = Debug|Any CPU
		{CBF31F83-31F7-4978-9FF3-806ADA92C7C5}.Release|Any CPU.ActiveCfg = Release|Any CPU
		{CBF31F83-31F7-4978-9FF3-806ADA92C7C5}.Release|Any CPU.Build.0 = Release|Any CPU
	EndGlobalSection
	GlobalSection(SolutionProperties) = preSolution
		HideSolutionNode = FALSE
	EndGlobalSection
	GlobalSection(ExtensibilityGlobals) = postSolution
		SolutionGuid = {D88F6E9D-9A9D-4C66-ABFD-83918D12ECC6}
	EndGlobalSection
EndGlobal
