
Microsoft Visual Studio Solution File, Format Version 12.00
# Visual Studio Version 17
VisualStudioVersion = 17.6.33723.286
MinimumVisualStudioVersion = 10.0.40219.1
Project("{FAE04EC0-301F-11D3-BF4B-00C04F79EFBC}") = "Day5", "Day5\Day5.csproj", "{79E79A82-0CF8-4DC3-89FC-6D6D8BE03D05}"
EndProject
Project("{FAE04EC0-301F-11D3-BF4B-00C04F79EFBC}") = "DemoEvent", "DemoEvent\DemoEvent.csproj", "{15830DDA-235E-41FC-A3CF-8C0870953F2C}"
EndProject
Project("{FAE04EC0-301F-11D3-BF4B-00C04F79EFBC}") = "Practice1", "Practice1\Practice1.csproj", "{79E572D5-8783-468A-A5AB-5D1B36A2B13B}"
EndProject
Project("{FAE04EC0-301F-11D3-BF4B-00C04F79EFBC}") = "Practice2", "Practice2\Practice2.csproj", "{D28E0D05-5622-41F0-97EB-7C12A4193711}"
EndProject
Project("{FAE04EC0-301F-11D3-BF4B-00C04F79EFBC}") = "lap1", "lap1\lap1.csproj", "{326C60C0-6D22-46C5-8543-7F8645929768}"
EndProject
Global
	GlobalSection(SolutionConfigurationPlatforms) = preSolution
		Debug|Any CPU = Debug|Any CPU
		Release|Any CPU = Release|Any CPU
	EndGlobalSection
	GlobalSection(ProjectConfigurationPlatforms) = postSolution
		{79E79A82-0CF8-4DC3-89FC-6D6D8BE03D05}.Debug|Any CPU.ActiveCfg = Debug|Any CPU
		{79E79A82-0CF8-4DC3-89FC-6D6D8BE03D05}.Debug|Any CPU.Build.0 = Debug|Any CPU
		{79E79A82-0CF8-4DC3-89FC-6D6D8BE03D05}.Release|Any CPU.ActiveCfg = Release|Any CPU
		{79E79A82-0CF8-4DC3-89FC-6D6D8BE03D05}.Release|Any CPU.Build.0 = Release|Any CPU
		{15830DDA-235E-41FC-A3CF-8C0870953F2C}.Debug|Any CPU.ActiveCfg = Debug|Any CPU
		{15830DDA-235E-41FC-A3CF-8C0870953F2C}.Debug|Any CPU.Build.0 = Debug|Any CPU
		{15830DDA-235E-41FC-A3CF-8C0870953F2C}.Release|Any CPU.ActiveCfg = Release|Any CPU
		{15830DDA-235E-41FC-A3CF-8C0870953F2C}.Release|Any CPU.Build.0 = Release|Any CPU
		{79E572D5-8783-468A-A5AB-5D1B36A2B13B}.Debug|Any CPU.ActiveCfg = Debug|Any CPU
		{79E572D5-8783-468A-A5AB-5D1B36A2B13B}.Debug|Any CPU.Build.0 = Debug|Any CPU
		{79E572D5-8783-468A-A5AB-5D1B36A2B13B}.Release|Any CPU.ActiveCfg = Release|Any CPU
		{79E572D5-8783-468A-A5AB-5D1B36A2B13B}.Release|Any CPU.Build.0 = Release|Any CPU
		{D28E0D05-5622-41F0-97EB-7C12A4193711}.Debug|Any CPU.ActiveCfg = Debug|Any CPU
		{D28E0D05-5622-41F0-97EB-7C12A4193711}.Debug|Any CPU.Build.0 = Debug|Any CPU
		{D28E0D05-5622-41F0-97EB-7C12A4193711}.Release|Any CPU.ActiveCfg = Release|Any CPU
		{D28E0D05-5622-41F0-97EB-7C12A4193711}.Release|Any CPU.Build.0 = Release|Any CPU
		{326C60C0-6D22-46C5-8543-7F8645929768}.Debug|Any CPU.ActiveCfg = Debug|Any CPU
		{326C60C0-6D22-46C5-8543-7F8645929768}.Debug|Any CPU.Build.0 = Debug|Any CPU
		{326C60C0-6D22-46C5-8543-7F8645929768}.Release|Any CPU.ActiveCfg = Release|Any CPU
		{326C60C0-6D22-46C5-8543-7F8645929768}.Release|Any CPU.Build.0 = Release|Any CPU
	EndGlobalSection
	GlobalSection(SolutionProperties) = preSolution
		HideSolutionNode = FALSE
	EndGlobalSection
	GlobalSection(ExtensibilityGlobals) = postSolution
		SolutionGuid = {00E58FEB-4481-4241-BADC-7E62D2F2EED8}
	EndGlobalSection
EndGlobal
