
Microsoft Visual Studio Solution File, Format Version 12.00
# Visual Studio Version 16
VisualStudioVersion = 25.0.1706.6
MinimumVisualStudioVersion = 10.0.40219.1
Project("{FAE04EC0-301F-11D3-BF4B-00C04F79EFBC}") = "Homework3DF", "Homework3DF\Homework3DF.csproj", "{32815C19-7619-4DA8-819B-EEB018DF449F}"
EndProject
Global
	GlobalSection(SolutionConfigurationPlatforms) = preSolution
		Debug|Any CPU = Debug|Any CPU
		Release|Any CPU = Release|Any CPU
	EndGlobalSection
	GlobalSection(ProjectConfigurationPlatforms) = postSolution
		{32815C19-7619-4DA8-819B-EEB018DF449F}.Debug|Any CPU.ActiveCfg = Debug|Any CPU
		{32815C19-7619-4DA8-819B-EEB018DF449F}.Debug|Any CPU.Build.0 = Debug|Any CPU
		{32815C19-7619-4DA8-819B-EEB018DF449F}.Release|Any CPU.ActiveCfg = Release|Any CPU
		{32815C19-7619-4DA8-819B-EEB018DF449F}.Release|Any CPU.Build.0 = Release|Any CPU
	EndGlobalSection
	GlobalSection(SolutionProperties) = preSolution
		HideSolutionNode = FALSE
	EndGlobalSection
	GlobalSection(ExtensibilityGlobals) = postSolution
		SolutionGuid = {1D61872F-E886-4CDF-ABBD-8D4BFA0AEC55}
	EndGlobalSection
EndGlobal
