
Microsoft Visual Studio Solution File, Format Version 12.00
# Visual Studio Version 16
VisualStudioVersion = 25.0.1706.7
MinimumVisualStudioVersion = 10.0.40219.1
Project("{FAE04EC0-301F-11D3-BF4B-00C04F79EFBC}") = "DemoJWT", "DemoJWT\DemoJWT.csproj", "{2E23CEDA-8D7A-4BB9-9386-AB0B9B69606D}"
EndProject
Project("{FAE04EC0-301F-11D3-BF4B-00C04F79EFBC}") = "Client", "Client\Client.csproj", "{CF2B9A9F-4FDF-4E44-B5D9-D4C0359470DE}"
EndProject
Global
	GlobalSection(SolutionConfigurationPlatforms) = preSolution
		Debug|Any CPU = Debug|Any CPU
		Release|Any CPU = Release|Any CPU
	EndGlobalSection
	GlobalSection(ProjectConfigurationPlatforms) = postSolution
		{2E23CEDA-8D7A-4BB9-9386-AB0B9B69606D}.Debug|Any CPU.ActiveCfg = Debug|Any CPU
		{2E23CEDA-8D7A-4BB9-9386-AB0B9B69606D}.Debug|Any CPU.Build.0 = Debug|Any CPU
		{2E23CEDA-8D7A-4BB9-9386-AB0B9B69606D}.Release|Any CPU.ActiveCfg = Release|Any CPU
		{2E23CEDA-8D7A-4BB9-9386-AB0B9B69606D}.Release|Any CPU.Build.0 = Release|Any CPU
		{CF2B9A9F-4FDF-4E44-B5D9-D4C0359470DE}.Debug|Any CPU.ActiveCfg = Debug|Any CPU
		{CF2B9A9F-4FDF-4E44-B5D9-D4C0359470DE}.Debug|Any CPU.Build.0 = Debug|Any CPU
		{CF2B9A9F-4FDF-4E44-B5D9-D4C0359470DE}.Release|Any CPU.ActiveCfg = Release|Any CPU
		{CF2B9A9F-4FDF-4E44-B5D9-D4C0359470DE}.Release|Any CPU.Build.0 = Release|Any CPU
	EndGlobalSection
	GlobalSection(SolutionProperties) = preSolution
		HideSolutionNode = FALSE
	EndGlobalSection
	GlobalSection(ExtensibilityGlobals) = postSolution
		SolutionGuid = {E6587B05-80A6-4E57-BC05-3E0FD929FBAF}
	EndGlobalSection
EndGlobal
