
Microsoft Visual Studio Solution File, Format Version 12.00
# Visual Studio Version 16
VisualStudioVersion = 25.0.1706.7
MinimumVisualStudioVersion = 10.0.40219.1
Project("{FAE04EC0-301F-11D3-BF4B-00C04F79EFBC}") = "WDA4", "WDA4\WDA4.csproj", "{57F09AF5-14C5-4503-9905-9D33C560415C}"
EndProject
Global
	GlobalSection(SolutionConfigurationPlatforms) = preSolution
		Debug|Any CPU = Debug|Any CPU
		Release|Any CPU = Release|Any CPU
	EndGlobalSection
	GlobalSection(ProjectConfigurationPlatforms) = postSolution
		{57F09AF5-14C5-4503-9905-9D33C560415C}.Debug|Any CPU.ActiveCfg = Debug|Any CPU
		{57F09AF5-14C5-4503-9905-9D33C560415C}.Debug|Any CPU.Build.0 = Debug|Any CPU
		{57F09AF5-14C5-4503-9905-9D33C560415C}.Release|Any CPU.ActiveCfg = Release|Any CPU
		{57F09AF5-14C5-4503-9905-9D33C560415C}.Release|Any CPU.Build.0 = Release|Any CPU
	EndGlobalSection
	GlobalSection(SolutionProperties) = preSolution
		HideSolutionNode = FALSE
	EndGlobalSection
	GlobalSection(ExtensibilityGlobals) = postSolution
		SolutionGuid = {DC3CD542-B5AF-444B-A9D7-1744C841C704}
	EndGlobalSection
EndGlobal
