
Microsoft Visual Studio Solution File, Format Version 12.00
# Visual Studio Version 16
VisualStudioVersion = 25.0.1706.7
MinimumVisualStudioVersion = 10.0.40219.1
Project("{FAE04EC0-301F-11D3-BF4B-00C04F79EFBC}") = "ReactServer", "ReactServer\ReactServer.csproj", "{3D0E3707-F1E4-476E-B419-8B6124E19FF1}"
EndProject
Global
	GlobalSection(SolutionConfigurationPlatforms) = preSolution
		Debug|Any CPU = Debug|Any CPU
		Release|Any CPU = Release|Any CPU
	EndGlobalSection
	GlobalSection(ProjectConfigurationPlatforms) = postSolution
		{3D0E3707-F1E4-476E-B419-8B6124E19FF1}.Debug|Any CPU.ActiveCfg = Debug|Any CPU
		{3D0E3707-F1E4-476E-B419-8B6124E19FF1}.Debug|Any CPU.Build.0 = Debug|Any CPU
		{3D0E3707-F1E4-476E-B419-8B6124E19FF1}.Release|Any CPU.ActiveCfg = Release|Any CPU
		{3D0E3707-F1E4-476E-B419-8B6124E19FF1}.Release|Any CPU.Build.0 = Release|Any CPU
	EndGlobalSection
	GlobalSection(SolutionProperties) = preSolution
		HideSolutionNode = FALSE
	EndGlobalSection
	GlobalSection(ExtensibilityGlobals) = postSolution
		SolutionGuid = {19F70263-D837-4735-839F-6429FF18E538}
	EndGlobalSection
EndGlobal
