
Microsoft Visual Studio Solution File, Format Version 12.00
# Visual Studio Version 17
VisualStudioVersion = 17.6.33723.286
MinimumVisualStudioVersion = 10.0.40219.1
Project("{FAE04EC0-301F-11D3-BF4B-00C04F79EFBC}") = "HW3", "HW3\HW3.csproj", "{1E00436B-809C-43BD-BE2D-77D88F23396D}"
EndProject
Global
	GlobalSection(SolutionConfigurationPlatforms) = preSolution
		Debug|Any CPU = Debug|Any CPU
		Release|Any CPU = Release|Any CPU
	EndGlobalSection
	GlobalSection(ProjectConfigurationPlatforms) = postSolution
		{1E00436B-809C-43BD-BE2D-77D88F23396D}.Debug|Any CPU.ActiveCfg = Debug|Any CPU
		{1E00436B-809C-43BD-BE2D-77D88F23396D}.Debug|Any CPU.Build.0 = Debug|Any CPU
		{1E00436B-809C-43BD-BE2D-77D88F23396D}.Release|Any CPU.ActiveCfg = Release|Any CPU
		{1E00436B-809C-43BD-BE2D-77D88F23396D}.Release|Any CPU.Build.0 = Release|Any CPU
	EndGlobalSection
	GlobalSection(SolutionProperties) = preSolution
		HideSolutionNode = FALSE
	EndGlobalSection
	GlobalSection(ExtensibilityGlobals) = postSolution
		SolutionGuid = {B5A7567A-FEDD-4EF8-9756-12049A577064}
	EndGlobalSection
EndGlobal
