
Microsoft Visual Studio Solution File, Format Version 12.00
# Visual Studio Version 16
VisualStudioVersion = 25.0.1706.6
MinimumVisualStudioVersion = 10.0.40219.1
Project("{FAE04EC0-301F-11D3-BF4B-00C04F79EFBC}") = "Authorize", "Authorize\Authorize.csproj", "{FE1991F6-DAB9-4137-8CC7-B97234F5A21A}"
EndProject
Global
	GlobalSection(SolutionConfigurationPlatforms) = preSolution
		Debug|Any CPU = Debug|Any CPU
		Release|Any CPU = Release|Any CPU
	EndGlobalSection
	GlobalSection(ProjectConfigurationPlatforms) = postSolution
		{FE1991F6-DAB9-4137-8CC7-B97234F5A21A}.Debug|Any CPU.ActiveCfg = Debug|Any CPU
		{FE1991F6-DAB9-4137-8CC7-B97234F5A21A}.Debug|Any CPU.Build.0 = Debug|Any CPU
		{FE1991F6-DAB9-4137-8CC7-B97234F5A21A}.Release|Any CPU.ActiveCfg = Release|Any CPU
		{FE1991F6-DAB9-4137-8CC7-B97234F5A21A}.Release|Any CPU.Build.0 = Release|Any CPU
	EndGlobalSection
	GlobalSection(SolutionProperties) = preSolution
		HideSolutionNode = FALSE
	EndGlobalSection
	GlobalSection(ExtensibilityGlobals) = postSolution
		SolutionGuid = {DA25A5C2-28E3-4A1D-98EE-69B84D88D6B4}
	EndGlobalSection
EndGlobal
