
Microsoft Visual Studio Solution File, Format Version 12.00
# Visual Studio Version 16
VisualStudioVersion = 25.0.1706.7
MinimumVisualStudioVersion = 10.0.40219.1
Project("{FAE04EC0-301F-11D3-BF4B-00C04F79EFBC}") = "ExaminationWDACF", "ExaminationWDACF\ExaminationWDACF.csproj", "{223DF71F-8A48-4C08-8C52-AB1E4D307A0B}"
EndProject
Global
	GlobalSection(SolutionConfigurationPlatforms) = preSolution
		Debug|Any CPU = Debug|Any CPU
		Release|Any CPU = Release|Any CPU
	EndGlobalSection
	GlobalSection(ProjectConfigurationPlatforms) = postSolution
		{223DF71F-8A48-4C08-8C52-AB1E4D307A0B}.Debug|Any CPU.ActiveCfg = Debug|Any CPU
		{223DF71F-8A48-4C08-8C52-AB1E4D307A0B}.Debug|Any CPU.Build.0 = Debug|Any CPU
		{223DF71F-8A48-4C08-8C52-AB1E4D307A0B}.Release|Any CPU.ActiveCfg = Release|Any CPU
		{223DF71F-8A48-4C08-8C52-AB1E4D307A0B}.Release|Any CPU.Build.0 = Release|Any CPU
	EndGlobalSection
	GlobalSection(SolutionProperties) = preSolution
		HideSolutionNode = FALSE
	EndGlobalSection
	GlobalSection(ExtensibilityGlobals) = postSolution
		SolutionGuid = {B48EFB95-2038-4E61-9DAE-F58CC5C7E769}
	EndGlobalSection
EndGlobal
