
Microsoft Visual Studio Solution File, Format Version 12.00
# Visual Studio Version 16
VisualStudioVersion = 25.0.1706.6
MinimumVisualStudioVersion = 10.0.40219.1
Project("{FAE04EC0-301F-11D3-BF4B-00C04F79EFBC}") = "hello1", "hello1\hello1.csproj", "{9C31BA1C-5AE0-441E-952A-D33E1CF1511B}"
EndProject
Global
	GlobalSection(SolutionConfigurationPlatforms) = preSolution
		Debug|Any CPU = Debug|Any CPU
		Release|Any CPU = Release|Any CPU
	EndGlobalSection
	GlobalSection(ProjectConfigurationPlatforms) = postSolution
		{9C31BA1C-5AE0-441E-952A-D33E1CF1511B}.Debug|Any CPU.ActiveCfg = Debug|Any CPU
		{9C31BA1C-5AE0-441E-952A-D33E1CF1511B}.Debug|Any CPU.Build.0 = Debug|Any CPU
		{9C31BA1C-5AE0-441E-952A-D33E1CF1511B}.Release|Any CPU.ActiveCfg = Release|Any CPU
		{9C31BA1C-5AE0-441E-952A-D33E1CF1511B}.Release|Any CPU.Build.0 = Release|Any CPU
	EndGlobalSection
	GlobalSection(SolutionProperties) = preSolution
		HideSolutionNode = FALSE
	EndGlobalSection
	GlobalSection(ExtensibilityGlobals) = postSolution
		SolutionGuid = {59C3A48E-405E-4F7D-80AA-267940240DCA}
	EndGlobalSection
EndGlobal
