
Microsoft Visual Studio Solution File, Format Version 12.00
# Visual Studio Version 16
VisualStudioVersion = 25.0.1706.6
MinimumVisualStudioVersion = 10.0.40219.1
Project("{FAE04EC0-301F-11D3-BF4B-00C04F79EFBC}") = "DemoAPI", "DemoAPI\DemoAPI.csproj", "{5C90FEC4-720F-4D7B-8436-60EC17C6DCAB}"
EndProject
Project("{FAE04EC0-301F-11D3-BF4B-00C04F79EFBC}") = "Client", "Client\Client.csproj", "{0365B4A7-C1EB-48AC-8294-80BDB3456EDB}"
EndProject
Global
	GlobalSection(SolutionConfigurationPlatforms) = preSolution
		Debug|Any CPU = Debug|Any CPU
		Release|Any CPU = Release|Any CPU
	EndGlobalSection
	GlobalSection(ProjectConfigurationPlatforms) = postSolution
		{5C90FEC4-720F-4D7B-8436-60EC17C6DCAB}.Debug|Any CPU.ActiveCfg = Debug|Any CPU
		{5C90FEC4-720F-4D7B-8436-60EC17C6DCAB}.Debug|Any CPU.Build.0 = Debug|Any CPU
		{5C90FEC4-720F-4D7B-8436-60EC17C6DCAB}.Release|Any CPU.ActiveCfg = Release|Any CPU
		{5C90FEC4-720F-4D7B-8436-60EC17C6DCAB}.Release|Any CPU.Build.0 = Release|Any CPU
		{0365B4A7-C1EB-48AC-8294-80BDB3456EDB}.Debug|Any CPU.ActiveCfg = Debug|Any CPU
		{0365B4A7-C1EB-48AC-8294-80BDB3456EDB}.Debug|Any CPU.Build.0 = Debug|Any CPU
		{0365B4A7-C1EB-48AC-8294-80BDB3456EDB}.Release|Any CPU.ActiveCfg = Release|Any CPU
		{0365B4A7-C1EB-48AC-8294-80BDB3456EDB}.Release|Any CPU.Build.0 = Release|Any CPU
	EndGlobalSection
	GlobalSection(SolutionProperties) = preSolution
		HideSolutionNode = FALSE
	EndGlobalSection
	GlobalSection(ExtensibilityGlobals) = postSolution
		SolutionGuid = {8580D8EA-E41A-4B28-B2E4-44570C085427}
	EndGlobalSection
EndGlobal
